
Microsoft Visual Studio Solution File, Format Version 12.00
# Visual Studio Version 16
VisualStudioVersion = 16.0.30621.155
MinimumVisualStudioVersion = 10.0.40219.1
Project("{9A19103F-16F7-4668-BE54-9A1E7A4F7556}") = "GuardaCapitaldaCultura2027", "GuardaCapitaldaCultura2027\GuardaCapitaldaCultura2027.csproj", "{38ECCFF8-2925-4754-9FD2-76DC22FFB2DA}"
EndProject
Global
	GlobalSection(SolutionConfigurationPlatforms) = preSolution
		Debug|Any CPU = Debug|Any CPU
		Release|Any CPU = Release|Any CPU
	EndGlobalSection
	GlobalSection(ProjectConfigurationPlatforms) = postSolution
		{38ECCFF8-2925-4754-9FD2-76DC22FFB2DA}.Debug|Any CPU.ActiveCfg = Debug|Any CPU
		{38ECCFF8-2925-4754-9FD2-76DC22FFB2DA}.Debug|Any CPU.Build.0 = Debug|Any CPU
		{38ECCFF8-2925-4754-9FD2-76DC22FFB2DA}.Release|Any CPU.ActiveCfg = Release|Any CPU
		{38ECCFF8-2925-4754-9FD2-76DC22FFB2DA}.Release|Any CPU.Build.0 = Release|Any CPU
	EndGlobalSection
	GlobalSection(SolutionProperties) = preSolution
		HideSolutionNode = FALSE
	EndGlobalSection
	GlobalSection(ExtensibilityGlobals) = postSolution
		SolutionGuid = {440D1D0C-5675-48D8-BE69-FA94F525DFB5}
	EndGlobalSection
EndGlobal
